Microsoft Visual Studio Solution File, Format Version 12.00
# Visual Studio 15
VisualStudioVersion = 15.0.27004.2010
MinimumVisualStudioVersion = 15.0.26124.0
Project("{9A19103F-16F7-4668-BE54-9A1E7A4F7556}") = "VotingApi", "VotingApi\VotingApi.csproj", "{A619D78B-B265-413F-997F-C99797438807}"
EndProject
Global
	GlobalSection(SolutionConfigurationPlatforms) = preSolution
		Debug|Any CPU = Debug|Any CPU
		Debug|x64 = Debug|x64
		Debug|x86 = Debug|x86
		Release|Any CPU = Release|Any CPU
		Release|x64 = Release|x64
		Release|x86 = Release|x86
	EndGlobalSection
	GlobalSection(ProjectConfigurationPlatforms) = postSolution
		{A619D78B-B265-413F-997F-C99797438807}.Debug|Any CPU.ActiveCfg = Debug|Any CPU
		{A619D78B-B265-413F-997F-C99797438807}.Debug|Any CPU.Build.0 = Debug|Any CPU
		{A619D78B-B265-413F-997F-C99797438807}.Debug|x64.ActiveCfg = Debug|Any CPU
		{A619D78B-B265-413F-997F-C99797438807}.Debug|x64.Build.0 = Debug|Any CPU
		{A619D78B-B265-413F-997F-C99797438807}.Debug|x86.ActiveCfg = Debug|Any CPU
		{A619D78B-B265-413F-997F-C99797438807}.Debug|x86.Build.0 = Debug|Any CPU
		{A619D78B-B265-413F-997F-C99797438807}.Release|Any CPU.ActiveCfg = Release|Any CPU
		{A619D78B-B265-413F-997F-C99797438807}.Release|Any CPU.Build.0 = Release|Any CPU
		{A619D78B-B265-413F-997F-C99797438807}.Release|x64.ActiveCfg = Release|Any CPU
		{A619D78B-B265-413F-997F-C99797438807}.Release|x64.Build.0 = Release|Any CPU
		{A619D78B-B265-413F-997F-C99797438807}.Release|x86.ActiveCfg = Release|Any CPU
		{A619D78B-B265-413F-997F-C99797438807}.Release|x86.Build.0 = Release|Any CPU
	EndGlobalSection
	GlobalSection(SolutionProperties) = preSolution
		HideSolutionNode = FALSE
	EndGlobalSection
	GlobalSection(ExtensibilityGlobals) = postSolution
		SolutionGuid = {684BE674-86AF-430C-8041-F1343AD2E68A}
	EndGlobalSection
EndGlobal
